{
  "name": "test",
  "version": "1.0.0",
  "lockfileVersion": 1,
  "requires": true,
  "dependencies": {
    "native-request": {
      "version": "1.0.9",
      "resolved": "https://registry.npmjs.org/native-request/-/native-request-1.0.9.tgz",
      "integrity": "sha512-KTRwqMwWCkoLZfjes3yBhK6XHwZ5Q1jPsdVra9hug8HNRbMsfTJm8a8L6/WOYi1h5eWNwlBaYy8V5SpJwkDgKw=="
    }
  }
}
